
Microsoft Visual Studio Solution File, Format Version 12.00
# Visual Studio Version 16
VisualStudioVersion = 16.0.30002.166
MinimumVisualStudioVersion = 10.0.40219.1
Project("{FAE04EC0-301F-11D3-BF4B-00C04F79EFBC}") = "ProjetoMVCD32", "ProjetoMVCD32\ProjetoMVCD32.csproj", "{E30D6F92-348C-48E0-8944-4779DBEF780C}"
EndProject
Global
	GlobalSection(SolutionConfigurationPlatforms) = preSolution
		Debug|Any CPU = Debug|Any CPU
		Release|Any CPU = Release|Any CPU
	EndGlobalSection
	GlobalSection(ProjectConfigurationPlatforms) = postSolution
		{E30D6F92-348C-48E0-8944-4779DBEF780C}.Debug|Any CPU.ActiveCfg = Debug|Any CPU
		{E30D6F92-348C-48E0-8944-4779DBEF780C}.Debug|Any CPU.Build.0 = Debug|Any CPU
		{E30D6F92-348C-48E0-8944-4779DBEF780C}.Release|Any CPU.ActiveCfg = Release|Any CPU
		{E30D6F92-348C-48E0-8944-4779DBEF780C}.Release|Any CPU.Build.0 = Release|Any CPU
	EndGlobalSection
	GlobalSection(SolutionProperties) = preSolution
		HideSolutionNode = FALSE
	EndGlobalSection
	GlobalSection(ExtensibilityGlobals) = postSolution
		SolutionGuid = {1C7E876B-6131-4F63-AD49-6E7B007AB27A}
	EndGlobalSection
EndGlobal
